{
  "name": "basic_oop_js",
  "version": "1.0.0",
  "lockfileVersion": 3,
  "requires": true,
  "packages": {
    "": {
      "name": "basic_oop_js",
      "version": "1.0.0",
      "license": "ISC",
      "dependencies": {
        "chalk": "^5.5.0",
        "clear": "^0.1.0",
        "figlet": "^1.8.2",
        "readline-sync": "^1.4.10"
      }
    },
    "node_modules/chalk": {
      "version": "5.5.0",
      "resolved": "https://registry.npmjs.org/chalk/-/chalk-5.5.0.tgz",
      "integrity": "sha512-1tm8DTaJhPBG3bIkVeZt1iZM9GfSX2lzOeDVZH9R9ffRHpmHvxZ/QhgQH/aDTkswQVt+YHdXAdS/In/30OjCbg==",
      "license": "MIT",
      "engines": {
        "node": "^12.17.0 || ^14.13 || >=16.0.0"
      },
      "funding": {
        "url": "https://github.com/chalk/chalk?sponsor=1"
      }
    },
    "node_modules/clear": {
      "version": "0.1.0",
      "resolved": "https://registry.npmjs.org/clear/-/clear-0.1.0.tgz",
      "integrity": "sha512-qMjRnoL+JDPJHeLePZJuao6+8orzHMGP04A8CdwCNsKhRbOnKRjefxONR7bwILT3MHecxKBjHkKL/tkZ8r4Uzw==",
      "engines": {
        "node": "*"
      }
    },
    "node_modules/figlet": {
      "version": "1.8.2",
      "resolved": "https://registry.npmjs.org/figlet/-/figlet-1.8.2.tgz",
      "integrity": "sha512-iPCpE9B/rOcjewIzDnagP9F2eySzGeHReX8WlrZQJkqFBk2wvq8gY0c6U6Hd2y9HnX1LQcYSeP7aEHoPt6sVKQ==",
      "license": "MIT",
      "bin": {
        "figlet": "bin/index.js"
      },
      "engines": {
        "node": ">= 0.4.0"
      }
    },
    "node_modules/readline-sync": {
      "version": "1.4.10",
      "resolved": "https://registry.npmjs.org/readline-sync/-/readline-sync-1.4.10.tgz",
      "integrity": "sha512-gNva8/6UAe8QYepIQH/jQ2qn91Qj0B9sYjMBBs3QOB8F2CXcKgLxQaJRP76sWVRQt+QU+8fAkCbCvjjMFu7Ycw==",
      "license": "MIT",
      "engines": {
        "node": ">= 0.8.0"
      }
    }
  }
}
